
Microsoft Visual Studio Solution File, Format Version 12.00
Project("{FAE04EC0-301F-11D3-BF4B-00C04F79EFBC}") = "PR_lab1", "PR_lab1\PR_lab1.csproj", "{31E18964-BF87-4F7A-A72C-0F15097A0859}"
EndProject
Global
	GlobalSection(SolutionConfigurationPlatforms) = preSolution
		Debug|Any CPU = Debug|Any CPU
		Release|Any CPU = Release|Any CPU
	EndGlobalSection
	GlobalSection(ProjectConfigurationPlatforms) = postSolution
		{31E18964-BF87-4F7A-A72C-0F15097A0859}.Debug|Any CPU.ActiveCfg = Debug|Any CPU
		{31E18964-BF87-4F7A-A72C-0F15097A0859}.Debug|Any CPU.Build.0 = Debug|Any CPU
		{31E18964-BF87-4F7A-A72C-0F15097A0859}.Release|Any CPU.ActiveCfg = Release|Any CPU
		{31E18964-BF87-4F7A-A72C-0F15097A0859}.Release|Any CPU.Build.0 = Release|Any CPU
	EndGlobalSection
EndGlobal
